
Microsoft Visual Studio Solution File, Format Version 12.00
# Visual Studio Version 17
VisualStudioVersion = 17.9.34607.119
MinimumVisualStudioVersion = 10.0.40219.1
Project("{FAE04EC0-301F-11D3-BF4B-00C04F79EFBC}") = "Kurs", "Kurs\Kurs.csproj", "{0D7F5615-2DFB-4065-A416-87A6C5AAC994}"
EndProject
Global
	GlobalSection(SolutionConfigurationPlatforms) = preSolution
		Debug|Any CPU = Debug|Any CPU
		Release|Any CPU = Release|Any CPU
	EndGlobalSection
	GlobalSection(ProjectConfigurationPlatforms) = postSolution
		{0D7F5615-2DFB-4065-A416-87A6C5AAC994}.Debug|Any CPU.ActiveCfg = Debug|Any CPU
		{0D7F5615-2DFB-4065-A416-87A6C5AAC994}.Debug|Any CPU.Build.0 = Debug|Any CPU
		{0D7F5615-2DFB-4065-A416-87A6C5AAC994}.Release|Any CPU.ActiveCfg = Release|Any CPU
		{0D7F5615-2DFB-4065-A416-87A6C5AAC994}.Release|Any CPU.Build.0 = Release|Any CPU
	EndGlobalSection
	GlobalSection(SolutionProperties) = preSolution
		HideSolutionNode = FALSE
	EndGlobalSection
	GlobalSection(ExtensibilityGlobals) = postSolution
		SolutionGuid = {8A185FC1-5230-4859-8F0E-904CA48F0583}
	EndGlobalSection
EndGlobal
